// !$*UTF8*$!
{
	archiveVersion = 1;
	classes = {
	};
	objectVersion = 46;
	objects = {

/* Begin PBXBuildFile section */
		2709CDB61F2D673A00F9BE59 /* AppDelegate.swift in Sources */ = {isa = PBXBuildFile; fileRef = 2709CDB51F2D673A00F9BE59 /* AppDelegate.swift */; };
		2709CDB81F2D673A00F9BE59 /* art.scnassets in Resources */ = {isa = PBXBuildFile; fileRef = 2709CDB71F2D673A00F9BE59 /* art.scnassets */; };
		2709CDBF1F2D673A00F9BE59 /* Assets.xcassets in Resources */ = {isa = PBXBuildFile; fileRef = 2709CDBE1F2D673A00F9BE59 /* Assets.xcassets */; };
		2709CDC21F2D673A00F9BE59 /* LaunchScreen.storyboard in Resources */ = {isa = PBXBuildFile; fileRef = 2709CDC01F2D673A00F9BE59 /* LaunchScreen.storyboard */; };
		2709CDCD1F2D673A00F9BE59 /* packableAppUITests.swift in Sources */ = {isa = PBXBuildFile; fileRef = 2709CDCC1F2D673A00F9BE59 /* packableAppUITests.swift */; };
		2709CDD81F2D8AF300F9BE59 /* ResponseDisplayViewController.swift in Sources */ = {isa = PBXBuildFile; fileRef = 2709CDD71F2D8AF300F9BE59 /* ResponseDisplayViewController.swift */; };
		2709CDDA1F2D8B1A00F9BE59 /* Main.storyboard in Resources */ = {isa = PBXBuildFile; fileRef = 2709CDD91F2D8B1A00F9BE59 /* Main.storyboard */; };
		2709CDDC1F2DA01600F9BE59 /* HomeViewController.swift in Sources */ = {isa = PBXBuildFile; fileRef = 2709CDDB1F2DA01600F9BE59 /* HomeViewController.swift */; };
		2709CDDE1F2DA52E00F9BE59 /* CameraViewController.swift in Sources */ = {isa = PBXBuildFile; fileRef = 2709CDDD1F2DA52E00F9BE59 /* CameraViewController.swift */; };
/* End PBXBuildFile section */

/* Begin PBXContainerItemProxy section */
		2709CDC91F2D673A00F9BE59 /* PBXContainerItemProxy */ = {
			isa = PBXContainerItemProxy;
			containerPortal = 2709CDAA1F2D673A00F9BE59 /* Project object */;
			proxyType = 1;
			remoteGlobalIDString = 2709CDB11F2D673A00F9BE59;
			remoteInfo = packableApp;
		};
/* End PBXContainerItemProxy section */

/* Begin PBXFileReference section */
		2709CDB21F2D673A00F9BE59 /* packableApp.app */ = {isa = PBXFileReference; explicitFileType = wrapper.application; includeInIndex = 0; path = packableApp.app; sourceTree = BUILT_PRODUCTS_DIR; };
		2709CDB51F2D673A00F9BE59 /* AppDelegate.swift */ = {isa = PBXFileReference; lastKnownFileType = sourcecode.swift; path = AppDelegate.swift; sourceTree = "<group>"; };
		2709CDB71F2D673A00F9BE59 /* art.scnassets */ = {isa = PBXFileReference; lastKnownFileType = wrapper.scnassets; path = art.scnassets; sourceTree = "<group>"; };
		2709CDBE1F2D673A00F9BE59 /* Assets.xcassets */ = {isa = PBXFileReference; lastKnownFileType = folder.assetcatalog; path = Assets.xcassets; sourceTree = "<group>"; };
		2709CDC11F2D673A00F9BE59 /* Base */ = {isa = PBXFileReference; lastKnownFileType = file.storyboard; name = Base; path = Base.lproj/LaunchScreen.storyboard; sourceTree = "<group>"; };
		2709CDC31F2D673A00F9BE59 /* Info.plist */ = {isa = PBXFileReference; lastKnownFileType = text.plist.xml; path = Info.plist; sourceTree = "<group>"; };
		2709CDC81F2D673A00F9BE59 /* packableAppUITests.xctest */ = {isa = PBXFileReference; explicitFileType = wrapper.cfbundle; includeInIndex = 0; path = packableAppUITests.xctest; sourceTree = BUILT_PRODUCTS_DIR; };
		2709CDCC1F2D673A00F9BE59 /* packableAppUITests.swift */ = {isa = PBXFileReference; lastKnownFileType = sourcecode.swift; path = packableAppUITests.swift; sourceTree = "<group>"; };
		2709CDCE1F2D673A00F9BE59 /* Info.plist */ = {isa = PBXFileReference; lastKnownFileType = text.plist.xml; path = Info.plist; sourceTree = "<group>"; };
		2709CDD71F2D8AF300F9BE59 /* ResponseDisplayViewController.swift */ = {isa = PBXFileReference; fileEncoding = 4; lastKnownFileType = sourcecode.swift; path = ResponseDisplayViewController.swift; sourceTree = "<group>"; };
		2709CDD91F2D8B1A00F9BE59 /* Main.storyboard */ = {isa = PBXFileReference; fileEncoding = 4; lastKnownFileType = file.storyboard; path = Main.storyboard; sourceTree = "<group>"; };
		2709CDDB1F2DA01600F9BE59 /* HomeViewController.swift */ = {isa = PBXFileReference; fileEncoding = 4; lastKnownFileType = sourcecode.swift; path = HomeViewController.swift; sourceTree = "<group>"; };
		2709CDDD1F2DA52E00F9BE59 /* CameraViewController.swift */ = {isa = PBXFileReference; fileEncoding = 4; lastKnownFileType = sourcecode.swift; path = CameraViewController.swift; sourceTree = "<group>"; };
/* End PBXFileReference section */

/* Begin PBXFrameworksBuildPhase section */
		2709CDAF1F2D673A00F9BE59 /* Frameworks */ = {
			isa = PBXFrameworksBuildPhase;
			buildActionMask = 2147483647;
			files = (
			);
			runOnlyForDeploymentPostprocessing = 0;
		};
		2709CDC51F2D673A00F9BE59 /* Frameworks */ = {
			isa = PBXFrameworksBuildPhase;
			buildActionMask = 2147483647;
			files = (
			);
			runOnlyForDeploymentPostprocessing = 0;
		};
/* End PBXFrameworksBuildPhase section */

/* Begin PBXGroup section */
		2709CDA91F2D673A00F9BE59 = {
			isa = PBXGroup;
			children = (
				2709CDB41F2D673A00F9BE59 /* packableApp */,
				2709CDCB1F2D673A00F9BE59 /* packableAppUITests */,
				2709CDB31F2D673A00F9BE59 /* Products */,
			);
			sourceTree = "<group>";
		};
		2709CDB31F2D673A00F9BE59 /* Products */ = {
			isa = PBXGroup;
			children = (
				2709CDB21F2D673A00F9BE59 /* packableApp.app */,
				2709CDC81F2D673A00F9BE59 /* packableAppUITests.xctest */,
			);
			name = Products;
			sourceTree = "<group>";
		};
		2709CDB41F2D673A00F9BE59 /* packableApp */ = {
			isa = PBXGroup;
			children = (
				2709CDDB1F2DA01600F9BE59 /* HomeViewController.swift */,
				2709CDDD1F2DA52E00F9BE59 /* CameraViewController.swift */,
				2709CDD71F2D8AF300F9BE59 /* ResponseDisplayViewController.swift */,
				2709CDB51F2D673A00F9BE59 /* AppDelegate.swift */,
				2709CDB71F2D673A00F9BE59 /* art.scnassets */,
				2709CDD91F2D8B1A00F9BE59 /* Main.storyboard */,
				2709CDBE1F2D673A00F9BE59 /* Assets.xcassets */,
				2709CDC01F2D673A00F9BE59 /* LaunchScreen.storyboard */,
				2709CDC31F2D673A00F9BE59 /* Info.plist */,
			);
			path = packableApp;
			sourceTree = "<group>";
		};
		2709CDCB1F2D673A00F9BE59 /* packableAppUITests */ = {
			isa = PBXGroup;
			children = (
				2709CDCC1F2D673A00F9BE59 /* packableAppUITests.swift */,
				2709CDCE1F2D673A00F9BE59 /* Info.plist */,
			);
			path = packableAppUITests;
			sourceTree = "<group>";
		};
/* End PBXGroup section */

/* Begin PBXNativeTarget section */
		2709CDB11F2D673A00F9BE59 /* packableApp */ = {
			isa = PBXNativeTarget;
			buildConfigurationList = 2709CDD11F2D673A00F9BE59 /* Build configuration list for PBXNativeTarget "packableApp" */;
			buildPhases = (
				2709CDAE1F2D673A00F9BE59 /* Sources */,
				2709CDAF1F2D673A00F9BE59 /* Frameworks */,
				2709CDB01F2D673A00F9BE59 /* Resources */,
			);
			buildRules = (
			);
			dependencies = (
			);
			name = packableApp;
			productName = packableApp;
			productReference = 2709CDB21F2D673A00F9BE59 /* packableApp.app */;
			productType = "com.apple.product-type.application";
		};
		2709CDC71F2D673A00F9BE59 /* packableAppUITests */ = {
			isa = PBXNativeTarget;
			buildConfigurationList = 2709CDD41F2D673A00F9BE59 /* Build configuration list for PBXNativeTarget "packableAppUITests" */;
			buildPhases = (
				2709CDC41F2D673A00F9BE59 /* Sources */,
				2709CDC51F2D673A00F9BE59 /* Frameworks */,
				2709CDC61F2D673A00F9BE59 /* Resources */,
			);
			buildRules = (
			);
			dependencies = (
				2709CDCA1F2D673A00F9BE59 /* PBXTargetDependency */,
			);
			name = packableAppUITests;
			productName = packableAppUITests;
			productReference = 2709CDC81F2D673A00F9BE59 /* packableAppUITests.xctest */;
			productType = "com.apple.product-type.bundle.ui-testing";
		};
/* End PBXNativeTarget section */

/* Begin PBXProject section */
		2709CDAA1F2D673A00F9BE59 /* Project object */ = {
			isa = PBXProject;
			attributes = {
				LastSwiftUpdateCheck = 0830;
				LastUpgradeCheck = 0830;
				ORGANIZATIONNAME = "David Cai";
				TargetAttributes = {
					2709CDB11F2D673A00F9BE59 = {
						CreatedOnToolsVersion = 8.3.3;
						DevelopmentTeam = 9UR2WR6VNL;
						ProvisioningStyle = Automatic;
					};
					2709CDC71F2D673A00F9BE59 = {
						CreatedOnToolsVersion = 8.3.3;
						DevelopmentTeam = 9UR2WR6VNL;
						ProvisioningStyle = Automatic;
						TestTargetID = 2709CDB11F2D673A00F9BE59;
					};
				};
			};
			buildConfigurationList = 2709CDAD1F2D673A00F9BE59 /* Build configuration list for PBXProject "packableApp" */;
			compatibilityVersion = "Xcode 3.2";
			developmentRegion = English;
			hasScannedForEncodings = 0;
			knownRegions = (
				en,
				Base,
			);
			mainGroup = 2709CDA91F2D673A00F9BE59;
			productRefGroup = 2709CDB31F2D673A00F9BE59 /* Products */;
			projectDirPath = "";
			projectRoot = "";
			targets = (
				2709CDB11F2D673A00F9BE59 /* packableApp */,
				2709CDC71F2D673A00F9BE59 /* packableAppUITests */,
			);
		};
/* End PBXProject section */

/* Begin PBXResourcesBuildPhase section */
		2709CDB01F2D673A00F9BE59 /* Resources */ = {
			isa = PBXResourcesBuildPhase;
			buildActionMask = 2147483647;
			files = (
				2709CDB81F2D673A00F9BE59 /* art.scnassets in Resources */,
				2709CDDA1F2D8B1A00F9BE59 /* Main.storyboard in Resources */,
				2709CDC21F2D673A00F9BE59 /* LaunchScreen.storyboard in Resources */,
				2709CDBF1F2D673A00F9BE59 /* Assets.xcassets in Resources */,
			);
			runOnlyForDeploymentPostprocessing = 0;
		};
		2709CDC61F2D673A00F9BE59 /* Resources */ = {
			isa = PBXResourcesBuildPhase;
			buildActionMask = 2147483647;
			files = (
			);
			runOnlyForDeploymentPostprocessing = 0;
		};
/* End PBXResourcesBuildPhase section */

/* Begin PBXSourcesBuildPhase section */
		2709CDAE1F2D673A00F9BE59 /* Sources */ = {
			isa = PBXSourcesBuildPhase;
			buildActionMask = 2147483647;
			files = (
				2709CDD81F2D8AF300F9BE59 /* ResponseDisplayViewController.swift in Sources */,
				2709CDDE1F2DA52E00F9BE59 /* CameraViewController.swift in Sources */,
				2709CDB61F2D673A00F9BE59 /* AppDelegate.swift in Sources */,
				2709CDDC1F2DA01600F9BE59 /* HomeViewController.swift in Sources */,
			);
			runOnlyForDeploymentPostprocessing = 0;
		};
		2709CDC41F2D673A00F9BE59 /* Sources */ = {
			isa = PBXSourcesBuildPhase;
			buildActionMask = 2147483647;
			files = (
				2709CDCD1F2D673A00F9BE59 /* packableAppUITests.swift in Sources */,
			);
			runOnlyForDeploymentPostprocessing = 0;
		};
/* End PBXSourcesBuildPhase section */

/* Begin PBXTargetDependency section */
		2709CDCA1F2D673A00F9BE59 /* PBXTargetDependency */ = {
			isa = PBXTargetDependency;
			target = 2709CDB11F2D673A00F9BE59 /* packableApp */;
			targetProxy = 2709CDC91F2D673A00F9BE59 /* PBXContainerItemProxy */;
		};
/* End PBXTargetDependency section */

/* Begin PBXVariantGroup section */
		2709CDC01F2D673A00F9BE59 /* LaunchScreen.storyboard */ = {
			isa = PBXVariantGroup;
			children = (
				2709CDC11F2D673A00F9BE59 /* Base */,
			);
			name = LaunchScreen.storyboard;
			sourceTree = "<group>";
		};
/* End PBXVariantGroup section */

/* Begin XCBuildConfiguration section */
		2709CDCF1F2D673A00F9BE59 /* Debug */ = {
			isa = XCBuildConfiguration;
			buildSettings = {
				ALWAYS_SEARCH_USER_PATHS = NO;
				CLANG_ANALYZER_NONNULL = YES;
				CLANG_ANALYZER_NUMBER_OBJECT_CONVERSION = YES_AGGRESSIVE;
				CLANG_CXX_LANGUAGE_STANDARD = "gnu++0x";
				CLANG_CXX_LIBRARY = "libc++";
				CLANG_ENABLE_MODULES = YES;
				CLANG_ENABLE_OBJC_ARC = YES;
				CLANG_WARN_BOOL_CONVERSION = YES;
				CLANG_WARN_CONSTANT_CONVERSION = YES;
				CLANG_WARN_DIRECT_OBJC_ISA_USAGE = YES_ERROR;
				CLANG_WARN_DOCUMENTATION_COMMENTS = YES;
				CLANG_WARN_EMPTY_BODY = YES;
				CLANG_WARN_ENUM_CONVERSION = YES;
				CLANG_WARN_INFINITE_RECURSION = YES;
				CLANG_WARN_INT_CONVERSION = YES;
				CLANG_WARN_OBJC_ROOT_CLASS = YES_ERROR;
				CLANG_WARN_SUSPICIOUS_MOVE = YES;
				CLANG_WARN_UNREACHABLE_CODE = YES;
				CLANG_WARN__DUPLICATE_METHOD_MATCH = YES;
				"CODE_SIGN_IDENTITY[sdk=iphoneos*]" = "iPhone Developer";
				COPY_PHASE_STRIP = NO;
				DEBUG_INFORMATION_FORMAT = dwarf;
				ENABLE_STRICT_OBJC_MSGSEND = YES;
				ENABLE_TESTABILITY = YES;
				GCC_C_LANGUAGE_STANDARD = gnu99;
				GCC_DYNAMIC_NO_PIC = NO;
				GCC_NO_COMMON_BLOCKS = YES;
				GCC_OPTIMIZATION_LEVEL = 0;
				GCC_PREPROCESSOR_DEFINITIONS = (
					"DEBUG=1",
					"$(inherited)",
				);
				GCC_WARN_64_TO_32_BIT_CONVERSION = YES;
				GCC_WARN_ABOUT_RETURN_TYPE = YES_ERROR;
				GCC_WARN_UNDECLARED_SELECTOR = YES;
				GCC_WARN_UNINITIALIZED_AUTOS = YES_AGGRESSIVE;
				GCC_WARN_UNUSED_FUNCTION = YES;
				GCC_WARN_UNUSED_VARIABLE = YES;
				IPHONEOS_DEPLOYMENT_TARGET = 10.3;
				MTL_ENABLE_DEBUG_INFO = YES;
				ONLY_ACTIVE_ARCH = YES;
				SDKROOT = iphoneos;
				SWIFT_ACTIVE_COMPILATION_CONDITIONS = DEBUG;
				SWIFT_OPTIMIZATION_LEVEL = "-Onone";
			};
			name = Debug;
		};
		2709CDD01F2D673A00F9BE59 /* Release */ = {
			isa = XCBuildConfiguration;
			buildSettings = {
				ALWAYS_SEARCH_USER_PATHS = NO;
				CLANG_ANALYZER_NONNULL = YES;
				CLANG_ANALYZER_NUMBER_OBJECT_CONVERSION = YES_AGGRESSIVE;
				CLANG_CXX_LANGUAGE_STANDARD = "gnu++0x";
				CLANG_CXX_LIBRARY = "libc++";
				CLANG_ENABLE_MODULES = YES;
				CLANG_ENABLE_OBJC_ARC = YES;
				CLANG_WARN_BOOL_CONVERSION = YES;
				CLANG_WARN_CONSTANT_CONVERSION = YES;
				CLANG_WARN_DIRECT_OBJC_ISA_USAGE = YES_ERROR;
				CLANG_WARN_DOCUMENTATION_COMMENTS = YES;
				CLANG_WARN_EMPTY_BODY = YES;
				CLANG_WARN_ENUM_CONVERSION = YES;
				CLANG_WARN_INFINITE_RECURSION = YES;
				CLANG_WARN_INT_CONVERSION = YES;
				CLANG_WARN_OBJC_ROOT_CLASS = YES_ERROR;
				CLANG_WARN_SUSPICIOUS_MOVE = YES;
				CLANG_WARN_UNREACHABLE_CODE = YES;
				CLANG_WARN__DUPLICATE_METHOD_MATCH = YES;
				"CODE_SIGN_IDENTITY[sdk=iphoneos*]" = "iPhone Developer";
				COPY_PHASE_STRIP = NO;
				DEBUG_INFORMATION_FORMAT = "dwarf-with-dsym";
				ENABLE_NS_ASSERTIONS = NO;
				ENABLE_STRICT_OBJC_MSGSEND = YES;
				GCC_C_LANGUAGE_STANDARD = gnu99;
				GCC_NO_COMMON_BLOCKS = YES;
				GCC_WARN_64_TO_32_BIT_CONVERSION = YES;
				GCC_WARN_ABOUT_RETURN_TYPE = YES_ERROR;
				GCC_WARN_UNDECLARED_SELECTOR = YES;
				GCC_WARN_UNINITIALIZED_AUTOS = YES_AGGRESSIVE;
				GCC_WARN_UNUSED_FUNCTION = YES;
				GCC_WARN_UNUSED_VARIABLE = YES;
				IPHONEOS_DEPLOYMENT_TARGET = 10.3;
				MTL_ENABLE_DEBUG_INFO = NO;
				SDKROOT = iphoneos;
				SWIFT_OPTIMIZATION_LEVEL = "-Owholemodule";
				VALIDATE_PRODUCT = YES;
			};
			name = Release;
		};
		2709CDD21F2D673A00F9BE59 /* Debug */ = {
			isa = XCBuildConfiguration;
			buildSettings = {
				ASSETCATALOG_COMPILER_APPICON_NAME = AppIcon;
				DEVELOPMENT_TEAM = 9UR2WR6VNL;
				INFOPLIST_FILE = packableApp/Info.plist;
				LD_RUNPATH_SEARCH_PATHS = "$(inherited) @executable_path/Frameworks";
				PRODUCT_BUNDLE_IDENTIFIER = com.davidcai.packableApp;
				PRODUCT_NAME = "$(TARGET_NAME)";
				SWIFT_VERSION = 3.0;
			};
			name = Debug;
		};
		2709CDD31F2D673A00F9BE59 /* Release */ = {
			isa = XCBuildConfiguration;
			buildSettings = {
				ASSETCATALOG_COMPILER_APPICON_NAME = AppIcon;
				DEVELOPMENT_TEAM = 9UR2WR6VNL;
				INFOPLIST_FILE = packableApp/Info.plist;
				LD_RUNPATH_SEARCH_PATHS = "$(inherited) @executable_path/Frameworks";
				PRODUCT_BUNDLE_IDENTIFIER = com.davidcai.packableApp;
				PRODUCT_NAME = "$(TARGET_NAME)";
				SWIFT_VERSION = 3.0;
			};
			name = Release;
		};
		2709CDD51F2D673A00F9BE59 /* Debug */ = {
			isa = XCBuildConfiguration;
			buildSettings = {
				ALWAYS_EMBED_SWIFT_STANDARD_LIBRARIES = YES;
				DEVELOPMENT_TEAM = 9UR2WR6VNL;
				INFOPLIST_FILE = packableAppUITests/Info.plist;
				LD_RUNPATH_SEARCH_PATHS = "$(inherited) @executable_path/Frameworks @loader_path/Frameworks";
				PRODUCT_BUNDLE_IDENTIFIER = com.davidcai.packableAppUITests;
				PRODUCT_NAME = "$(TARGET_NAME)";
				SWIFT_VERSION = 3.0;
				TEST_TARGET_NAME = packableApp;
			};
			name = Debug;
		};
		2709CDD61F2D673A00F9BE59 /* Release */ = {
			isa = XCBuildConfiguration;
			buildSettings = {
				ALWAYS_EMBED_SWIFT_STANDARD_LIBRARIES = YES;
				DEVELOPMENT_TEAM = 9UR2WR6VNL;
				INFOPLIST_FILE = packableAppUITests/Info.plist;
				LD_RUNPATH_SEARCH_PATHS = "$(inherited) @executable_path/Frameworks @loader_path/Frameworks";
				PRODUCT_BUNDLE_IDENTIFIER = com.davidcai.packableAppUITests;
				PRODUCT_NAME = "$(TARGET_NAME)";
				SWIFT_VERSION = 3.0;
				TEST_TARGET_NAME = packableApp;
			};
			name = Release;
		};
/* End XCBuildConfiguration section */

/* Begin XCConfigurationList section */
		2709CDAD1F2D673A00F9BE59 /* Build configuration list for PBXProject "packableApp" */ = {
			isa = XCConfigurationList;
			buildConfigurations = (
				2709CDCF1F2D673A00F9BE59 /* Debug */,
				2709CDD01F2D673A00F9BE59 /* Release */,
			);
			defaultConfigurationIsVisible = 0;
			defaultConfigurationName = Release;
		};
		2709CDD11F2D673A00F9BE59 /* Build configuration list for PBXNativeTarget "packableApp" */ = {
			isa = XCConfigurationList;
			buildConfigurations = (
				2709CDD21F2D673A00F9BE59 /* Debug */,
				2709CDD31F2D673A00F9BE59 /* Release */,
			);
			defaultConfigurationIsVisible = 0;
			defaultConfigurationName = Release;
		};
		2709CDD41F2D673A00F9BE59 /* Build configuration list for PBXNativeTarget "packableAppUITests" */ = {
			isa = XCConfigurationList;
			buildConfigurations = (
				2709CDD51F2D673A00F9BE59 /* Debug */,
				2709CDD61F2D673A00F9BE59 /* Release */,
			);
			defaultConfigurationIsVisible = 0;
			defaultConfigurationName = Release;
		};
/* End XCConfigurationList section */
	};
	rootObject = 2709CDAA1F2D673A00F9BE59 /* Project object */;
}
